{
	"name": "@vscode/monaco-lsp-client",
	"version": "0.1.0",
	"lockfileVersion": 3,
	"requires": true,
	"packages": {
		"": {
			"name": "@vscode/monaco-lsp-client",
			"version": "0.1.0",
			"dependencies": {
				"@hediet/json-rpc": "^0.5.0",
				"@hediet/json-rpc-browser": "^0.5.1",
				"@hediet/json-rpc-websocket": "^0.5.1"
			},
			"devDependencies": {
				"rolldown": "^1.0.0-beta.41",
				"rolldown-plugin-dts": "^0.16.11",
				"rollup-plugin-delete": "^3.0.1"
			},
			"peerDependencies": {
				"monaco-editor-core": "*"
			}
		},
		"../../../hediet/typed-json-rpc/json-rpc-node": {
			"name": "@hediet/json-rpc-node",
			"version": "0.5.0",
			"extraneous": true,
			"license": "MIT",
			"dependencies": {
				"@hediet/json-rpc": "^0.5.0",
				"@types/node": "^12.0.7"
			},
			"devDependencies": {
				"@types/mocha": "^5.2.7",
				"coveralls": "^3.0.4",
				"mocha": "^6.1.4",
				"mocha-lcov-reporter": "^1.3.0",
				"nyc": "^14.1.1",
				"source-map-support": "^0.5.12"
			}
		
