{
	"name": "helloworld",
	"lockfileVersion": 2,
	"requires": true,
	"packages": {
		"": {
			"name": "helloworld",
			"devDependencies": {
				"monaco-editor": "^0.32.0",
				"parcel": "^2.2.1"
			}
		browserslist"
				},
				{
					"type": "tidelift",
					"url": "https://tidelift.com/funding/github/npm/browserslist"
				}
			],
			"dependencies": {
				"caniuse-lite": "^1.0.30001317",
				"electron-to-chromium": "^1.4.84",
				"escalade": "^3.1.1",
				"node-releases": "^2.0.2",
				"picocolors": "^1.0.0"
			},
			"bin": {
				"browserslist": "cli.js"
			},
			"engines": {
				"node": "^6 || ^7 || ^8 || ^9 || ^10 || ^11 || ^12 || >=13.7"
			}
		
			"optional": true
		
