{
	"name": "monaco-editor-webpack-plugin",
	"version": "7.1.1",
	"lockfileVersion": 2,
	"requires": true,
	"packages": {
		"": {
			"name": "monaco-editor-webpack-plugin",
			"version": "7.1.1",
			"license": "MIT",
			"dependencies": {
				"loader-utils": "^2.0.2"
			},
			"devDependencies": {
				"css-loader": "^6.6.0",
				"file-loader": "^6.2.0",
				"glob": "^7.2.0",
				"monaco-editor": "^0.32.0",
				"style-loader": "^3.3.1",
				"typescript": "^5.4.5",
				"webpack": "^5.68.0",
				"webpack-cli": "^4.9.2"
			},
			"peerDependencies": {
				"monaco-editor": ">= 0.31.0",
				"webpack": "^4.5.0 || 5.x"
			}
		
				"url": "https://github.com/Unity-Billal-mesloub/execa?sponsor=1"
			}
		
